// !$*UTF8*$!
{
	archiveVersion = 1;
	classes = {
	};
	objectVersion = 46;
	objects = {

/* Begin PBXBuildFile section */
		9D9D5E3F4FA4F6293B419A8D /* libPods-AutoCellHeight.a in Frameworks */ = {isa = PBXBuildFile; fileRef = 30004586AC283E56BC8E3880 /* libPods-AutoCellHeight.a */; };
		E83F4EFF1F347910003AB6FF /* UITableView+GokoTemplateLayoutCell.m in Sources */ = {isa = PBXBuildFile; fileRef = E83F4EFE1F347910003AB6FF /* UITableView+GokoTemplateLayoutCell.m */; };
		E83F4F021F347974003AB6FF /* WJMethodSwizzling.m in Sources */ = {isa = PBXBuildFile; fileRef = E83F4F011F347974003AB6FF /* WJMethodSwizzling.m */; };
		E848EE7C1F340A1900CDBFBE /* main.m in Sources */ = {isa = PBXBuildFile; fileRef = E848EE7B1F340A1900CDBFBE /* main.m */; };
		E848EE7F1F340A1A00CDBFBE /* AppDelegate.m in Sources */ = {isa = PBXBuildFile; fileRef = E848EE7E1F340A1A00CDBFBE /* AppDelegate.m */; };
		E848EE821F340A1A00CDBFBE /* ViewController.m in Sources */ = {isa = PBXBuildFile; fileRef = E848EE811F340A1A00CDBFBE /* ViewController.m */; };
		E848EE851F340A1A00CDBFBE /* Main.storyboard in Resources */ = {isa = PBXBuildFile; fileRef = E848EE831F340A1A00CDBFBE /* Main.storyboard */; };
		E848EE871F340A1A00CDBFBE /* Assets.xcassets in Resources */ = {isa = PBXBuildFile; fileRef = E848EE861F340A1A00CDBFBE /* Assets.xcassets */; };
		E848EE8A1F340A1A00CDBFBE /* LaunchScreen.storyboard in Resources */ = {isa = PBXBuildFile; fileRef = E848EE881F340A1A00CDBFBE /* LaunchScreen.storyboard */; };
		E848EE951F340A1A00CDBFBE /* AutoCellHeightTests.m in Sources */ = {isa = PBXBuildFile; fileRef = E848EE941F340A1A00CDBFBE /* AutoCellHeightTests.m */; };
		E848EEA01F340A1A00CDBFBE /* AutoCellHeightUITests.m in Sources */ = {isa = PBXBuildFile; fileRef = E848EE9F1F340A1A00CDBFBE /* AutoCellHeightUITests.m */; };
		E848EEB01F340D9000CDBFBE /* BaseTableViewCell.m in Sources */ = {isa = PBXBuildFile; fileRef = E848EEAF1F340D9000CDBFBE /* BaseTableViewCell.m */; };
		E848EEB31F340DB200CDBFBE /* TextCell.m in Sources */ = {isa = PBXBuildFile; fileRef = E848EEB21F340DB200CDBFBE /* TextCell.m */; };
		E848EEB61F340DE800CDBFBE /* ImageCell.m in Sources */ = {isa = PBXBuildFile; fileRef = E848EEB51F340DE800CDBFBE /* ImageCell.m */; };
		E848EEBA1F340FFB00CDBFBE /* BaseCellModel.m in Sources */ = {isa = PBXBuildFile; fileRef = E848EEB91F340FFB00CDBFBE /* BaseCellModel.m */; };
		E848EEC01F3412ED00CDBFBE /* TextCellModel.m in Sources */ = {isa = PBXBuildFile; fileRef = E848EEBF1F3412ED00CDBFBE /* TextCellModel.m */; };
		E848EEC31F3412F700CDBFBE /* ImageCellModel.m in Sources */ = {isa = PBXBuildFile; fileRef = E848EEC21F3412F700CDBFBE /* ImageCellModel.m */; };
		E848EEC51F34202400CDBFBE /* 大赛.png in Resources */ = {isa = PBXBuildFile; fileRef = E848EEC41F34202400CDBFBE /* 大赛.png */; };
		E888292B1F3565570007C1C4 /* 111.jpg in Resources */ = {isa = PBXBuildFile; fileRef = E888292A1F3565570007C1C4 /* 111.jpg */; };
		E88829761F385BB40007C1C4 /* NSString+Log.m in Sources */ = {isa = PBXBuildFile; fileRef = E88829751F385BB40007C1C4 /* NSString+Log.m */; };
		E88829BD1F3AF6000007C1C4 /* AutoLayoutViewController.m in Sources */ = {isa = PBXBuildFile; fileRef = E88829BC1F3AF6000007C1C4 /* AutoLayoutViewController.m */; };
		E88829BF1F3AF9140007C1C4 /* autolayout.json in Resources */ = {isa = PBXBuildFile; fileRef = E88829BE1F3AF9140007C1C4 /* autolayout.json */; };
		E88829C31F3AF9420007C1C4 /* AutolayoutModel.m in Sources */ = {isa = PBXBuildFile; fileRef = E88829C21F3AF9420007C1C4 /* AutolayoutModel.m */; };
		E88829C71F3B006F0007C1C4 /* AutolayoutCell.m in Sources */ = {isa = PBXBuildFile; fileRef = E88829C61F3B006F0007C1C4 /* AutolayoutCell.m */; };
		E88829D01F3C2EB00007C1C4 /* BaseViewController.m in Sources */ = {isa = PBXBuildFile; fileRef = E88829CF1F3C2EB00007C1C4 /* BaseViewController.m */; };
		E88829D31F3C44F80007C1C4 /* UIView+BlockGesture.m in Sources */ = {isa = PBXBuildFile; fileRef = E88829D21F3C44F80007C1C4 /* UIView+BlockGesture.m */; };
		E88829D61F3C46440007C1C4 /* RootNavigation.m in Sources */ = {isa = PBXBuildFile; fileRef = E88829D51F3C46440007C1C4 /* RootNavigation.m */; };
/* End PBXBuildFile section */

/* Begin PBXContainerItemProxy section */
		E848EE911F340A1A00CDBFBE /* PBXContainerItemProxy */ = {
			isa = PBXContainerItemProxy;
			containerPortal = E848EE6F1F340A1900CDBFBE /* Project object */;
			proxyType = 1;
			remoteGlobalIDString = E848EE761F340A1900CDBFBE;
			remoteInfo = AutoCellHeight;
		};
		E848EE9C1F340A1A00CDBFBE /* PBXContainerItemProxy */ = {
			isa = PBXContainerItemProxy;
			containerPortal = E848EE6F1F340A1900CDBFBE /* Project object */;
			proxyType = 1;
			remoteGlobalIDString = E848EE761F340A1900CDBFBE;
			remoteInfo = AutoCellHeight;
		};
/* End PBXContainerItemProxy section */

/* Begin PBXFileReference section */
		30004586AC283E56BC8E3880 /* libPods-AutoCellHeight.a */ = {isa = PBXFileReference; explicitFileType = archive.ar; includeInIndex = 0; path = "libPods-AutoCellHeight.a"; sourceTree = BUILT_PRODUCTS_DIR; };
		98F2A49E2E93C97048B69BBA /* Pods-AutoCellHeight.debug.xcconfig */ = {isa = PBXFileReference; includeInIndex = 1; lastKnownFileType = text.xcconfig; name = "Pods-AutoCellHeight.debug.xcconfig"; path = "Pods/Target Support Files/Pods-AutoCellHeight/Pods-AutoCellHeight.debug.xcconfig"; sourceTree = "<group>"; };
		A73432EE9140D4F9FA5CC63A /* Pods-AutoCellHeight.release.xcconfig */ = {isa = PBXFileReference; includeInIndex = 1; lastKnownFileType = text.xcconfig; name = "Pods-AutoCellHeight.release.xcconfig"; path = "Pods/Target Support Files/Pods-AutoCellHeight/Pods-AutoCellHeight.release.xcconfig"; sourceTree = "<group>"; };
		E83F4EFD1F347910003AB6FF /* UITableView+GokoTemplateLayoutCell.h */ = {isa = PBXFileReference; fileEncoding = 4; lastKnownFileType = sourcecode.c.h; path = "UITableView+GokoTemplateLayoutCell.h"; sourceTree = "<group>"; };
		E83F4EFE1F347910003AB6FF /* UITableView+GokoTemplateLayoutCell.m */ = {isa = PBXFileReference; fileEncoding = 4; lastKnownFileType = sourcecode.c.objc; path = "UITableView+GokoTemplateLayoutCell.m"; sourceTree = "<group>"; };
		E83F4F001F347974003AB6FF /* WJMethodSwizzling.h */ = {isa = PBXFileReference; fileEncoding = 4; lastKnownFileType = sourcecode.c.h; path = WJMethodSwizzling.h; sourceTree = "<group>"; };
		E83F4F011F347974003AB6FF /* WJMethodSwizzling.m */ = {isa = PBXFileReference; fileEncoding = 4; lastKnownFileType = sourcecode.c.objc; path = WJMethodSwizzling.m; sourceTree = "<group>"; };
		E848EE771F340A1900CDBFBE /* AutoCellHeight.app */ = {isa = PBXFileReference; explicitFileType = wrapper.application; includeInIndex = 0; path = AutoCellHeight.app; sourceTree = BUILT_PRODUCTS_DIR; };
		E848EE7B1F340A1900CDBFBE /* main.m */ = {isa = PBXFileReference; lastKnownFileType = sourcecode.c.objc; path = main.m; sourceTree = "<group>"; };
		E848EE7D1F340A1A00CDBFBE /* AppDelegate.h */ = {isa = PBXFileReference; lastKnownFileType = sourcecode.c.h; path = AppDelegate.h; sourceTree = "<group>"; };
		E848EE7E1F340A1A00CDBFBE /* AppDelegate.m */ = {isa = PBXFileReference; lastKnownFileType = sourcecode.c.objc; path = AppDelegate.m; sourceTree = "<group>"; };
		E848EE801F340A1A00CDBFBE /* ViewController.h */ = {isa = PBXFileReference; lastKnownFileType = sourcecode.c.h; path = ViewController.h; sourceTree = "<group>"; };
		E848EE811F340A1A00CDBFBE /* ViewController.m */ = {isa = PBXFileReference; lastKnownFileType = sourcecode.c.objc; path = ViewController.m; sourceTree = "<group>"; };
		E848EE841F340A1A00CDBFBE /* Base */ = {isa = PBXFileReference; lastKnownFileType = file.storyboard; name = Base; path = Base.lproj/Main.storyboard; sourceTree = "<group>"; };
		E848EE861F340A1A00CDBFBE /* Assets.xcassets */ = {isa = PBXFileReference; lastKnownFileType = folder.assetcatalog; path = Assets.xcassets; sourceTree = "<group>"; };
		E848EE891F340A1A00CDBFBE /* Base */ = {isa = PBXFileReference; lastKnownFileType = file.storyboard; name = Base; path = Base.lproj/LaunchScreen.storyboard; sourceTree = "<group>"; };
		E848EE8B1F340A1A00CDBFBE /* Info.plist */ = {isa = PBXFileReference; lastKnownFileType = text.plist.xml; path = Info.plist; sourceTree = "<group>"; };
		E848EE901F340A1A00CDBFBE /* AutoCellHeightTests.xctest */ = {isa = PBXFileReference; explicitFileType = wrapper.cfbundle; includeInIndex = 0; path = AutoCellHeightTests.xctest; sourceTree = BUILT_PRODUCTS_DIR; };
		E848EE941F340A1A00CDBFBE /* AutoCellHeightTests.m */ = {isa = PBXFileReference; lastKnownFileType = sourcecode.c.objc; path = AutoCellHeightTests.m; sourceTree = "<group>"; };
		E848EE961F340A1A00CDBFBE /* Info.plist */ = {isa = PBXFileReference; lastKnownFileType = text.plist.xml; path = Info.plist; sourceTree = "<group>"; };
		E848EE9B1F340A1A00CDBFBE /* AutoCellHeightUITests.xctest */ = {isa = PBXFileReference; explicitFileType = wrapper.cfbundle; includeInIndex = 0; path = AutoCellHeightUITests.xctest; sourceTree = BUILT_PRODUCTS_DIR; };
		E848EE9F1F340A1A00CDBFBE /* AutoCellHeightUITests.m */ = {isa = PBXFileReference; lastKnownFileType = sourcecode.c.objc; path = AutoCellHeightUITests.m; sourceTree = "<group>"; };
		E848EEA11F340A1A00CDBFBE /* Info.plist */ = {isa = PBXFileReference; lastKnownFileType = text.plist.xml; path = Info.plist; sourceTree = "<group>"; };
		E848EEAE1F340D9000CDBFBE /* BaseTableViewCell.h */ = {isa = PBXFileReference; fileEncoding = 4; lastKnownFileType = sourcecode.c.h; path = BaseTableViewCell.h; sourceTree = "<group>"; };
		E848EEAF1F340D9000CDBFBE /* BaseTableViewCell.m */ = {isa = PBXFileReference; fileEncoding = 4; lastKnownFileType = sourcecode.c.objc; path = BaseTableViewCell.m; sourceTree = "<group>"; };
		E848EEB11F340DB200CDBFBE /* TextCell.h */ = {isa = PBXFileReference; fileEncoding = 4; lastKnownFileType = sourcecode.c.h; path = TextCell.h; sourceTree = "<group>"; };
		E848EEB21F340DB200CDBFBE /* TextCell.m */ = {isa = PBXFileReference; fileEncoding = 4; lastKnownFileType = sourcecode.c.objc; path = TextCell.m; sourceTree = "<group>"; };
		E848EEB41F340DE800CDBFBE /* ImageCell.h */ = {isa = PBXFileReference; fileEncoding = 4; lastKnownFileType = sourcecode.c.h; path = ImageCell.h; sourceTree = "<group>"; };
		E848EEB51F340DE800CDBFBE /* ImageCell.m */ = {isa = PBXFileReference; fileEncoding = 4; lastKnownFileType = sourcecode.c.objc; path = ImageCell.m; sourceTree = "<group>"; };
		E848EEB81F340FFB00CDBFBE /* BaseCellModel.h */ = {isa = PBXFileReference; fileEncoding = 4; lastKnownFileType = sourcecode.c.h; path = BaseCellModel.h; sourceTree = "<group>"; };
		E848EEB91F340FFB00CDBFBE /* BaseCellModel.m */ = {isa = PBXFileReference; fileEncoding = 4; lastKnownFileType = sourcecode.c.objc; path = BaseCellModel.m; sourceTree = "<group>"; };
		E848EEBE1F3412ED00CDBFBE /* TextCellModel.h */ = {isa = PBXFileReference; fileEncoding = 4; lastKnownFileType = sourcecode.c.h; path = TextCellModel.h; sourceTree = "<group>"; };
		E848EEBF1F3412ED00CDBFBE /* TextCellModel.m */ = {isa = PBXFileReference; fileEncoding = 4; lastKnownFileType = sourcecode.c.objc; path = TextCellModel.m; sourceTree = "<group>"; };
		E848EEC11F3412F700CDBFBE /* ImageCellModel.h */ = {isa = PBXFileReference; fileEncoding = 4; lastKnownFileType = sourcecode.c.h; path = ImageCellModel.h; sourceTree = "<group>"; };
		E848EEC21F3412F700CDBFBE /* ImageCellModel.m */ = {isa = PBXFileReference; fileEncoding = 4; lastKnownFileType = sourcecode.c.objc; path = ImageCellModel.m; sourceTree = "<group>"; };
		E848EEC41F34202400CDBFBE /* 大赛.png */ = {isa = PBXFileReference; lastKnownFileType = image.png; path = "大赛.png"; sourceTree = "<group>"; };
		E888292A1F3565570007C1C4 /* 111.jpg */ = {isa = PBXFileReference; lastKnownFileType = image.jpeg; path = 111.jpg; sourceTree = "<group>"; };
		E88829731F38484A0007C1C4 /* DefineTools.h */ = {isa = PBXFileReference; fileEncoding = 4; lastKnownFileType = sourcecode.c.h; path = DefineTools.h; sourceTree = "<group>"; };
		E88829741F385BB40007C1C4 /* NSString+Log.h */ = {isa = PBXFileReference; fileEncoding = 4; lastKnownFileType = sourcecode.c.h; path = "NSString+Log.h"; sourceTree = "<group>"; };
		E88829751F385BB40007C1C4 /* NSString+Log.m */ = {isa = PBXFileReference; fileEncoding = 4; lastKnownFileType = sourcecode.c.objc; path = "NSString+Log.m"; sourceTree = "<group>"; };
		E88829BB1F3AF6000007C1C4 /* AutoLayoutViewController.h */ = {isa = PBXFileReference; fileEncoding = 4; lastKnownFileType = sourcecode.c.h; path = AutoLayoutViewController.h; sourceTree = "<group>"; };
		E88829BC1F3AF6000007C1C4 /* AutoLayoutViewController.m */ = {isa = PBXFileReference; fileEncoding = 4; lastKnownFileType = sourcecode.c.objc; path = AutoLayoutViewController.m; sourceTree = "<group>"; };
		E88829BE1F3AF9140007C1C4 /* autolayout.json */ = {isa = PBXFileReference; fileEncoding = 4; lastKnownFileType = text.json; path = autolayout.json; sourceTree = "<group>"; };
		E88829C11F3AF9420007C1C4 /* AutolayoutModel.h */ = {isa = PBXFileReference; fileEncoding = 4; lastKnownFileType = sourcecode.c.h; path = AutolayoutModel.h; sourceTree = "<group>"; };
		E88829C21F3AF9420007C1C4 /* AutolayoutModel.m */ = {isa = PBXFileReference; fileEncoding = 4; lastKnownFileType = sourcecode.c.objc; path = AutolayoutModel.m; sourceTree = "<group>"; };
		E88829C51F3B006F0007C1C4 /* AutolayoutCell.h */ = {isa = PBXFileReference; fileEncoding = 4; lastKnownFileType = sourcecode.c.h; path = AutolayoutCell.h; sourceTree = "<group>"; };
		E88829C61F3B006F0007C1C4 /* AutolayoutCell.m */ = {isa = PBXFileReference; fileEncoding = 4; lastKnownFileType = sourcecode.c.objc; path = AutolayoutCell.m; sourceTree = "<group>"; };
		E88829C81F3C03830007C1C4 /* PrefixHeader.pch */ = {isa = PBXFileReference; fileEncoding = 4; lastKnownFileType = sourcecode.c.h; path = PrefixHeader.pch; sourceTree = "<group>"; };
		E88829CE1F3C2EB00007C1C4 /* BaseViewController.h */ = {isa = PBXFileReference; fileEncoding = 4; lastKnownFileType = sourcecode.c.h; path = BaseViewController.h; sourceTree = "<group>"; };
		E88829CF1F3C2EB00007C1C4 /* BaseViewController.m */ = {isa = PBXFileReference; fileEncoding = 4; lastKnownFileType = sourcecode.c.objc; path = BaseViewController.m; sourceTree = "<group>"; };
		E88829D11F3C44F80007C1C4 /* UIView+BlockGesture.h */ = {isa = PBXFileReference; fileEncoding = 4; lastKnownFileType = sourcecode.c.h; path = "UIView+BlockGesture.h"; sourceTree = "<group>"; };
		E88829D21F3C44F80007C1C4 /* UIView+BlockGesture.m */ = {isa = PBXFileReference; fileEncoding = 4; lastKnownFileType = sourcecode.c.objc; path = "UIView+BlockGesture.m"; sourceTree = "<group>"; };
		E88829D41F3C46440007C1C4 /* RootNavigation.h */ = {isa = PBXFileReference; fileEncoding = 4; lastKnownFileType = sourcecode.c.h; path = RootNavigation.h; sourceTree = "<group>"; };
		E88829D51F3C46440007C1C4 /* RootNavigation.m */ = {isa = PBXFileReference; fileEncoding = 4; lastKnownFileType = sourcecode.c.objc; path = RootNavigation.m; sourceTree = "<group>"; };
		E88829D71F3C46700007C1C4 /* Singleton.h */ = {isa = PBXFileReference; fileEncoding = 4; lastKnownFileType = sourcecode.c.h; path = Singleton.h; sourceTree = "<group>"; };
/* End PBXFileReference section */

/* Begin PBXFrameworksBuildPhase section */
		E848EE741F340A1900CDBFBE /* Frameworks */ = {
			isa = PBXFrameworksBuildPhase;
			buildActionMask = 2147483647;
			files = (
				9D9D5E3F4FA4F6293B419A8D /* libPods-AutoCellHeight.a in Frameworks */,
			);
			runOnlyForDeploymentPostprocessing = 0;
		};
		E848EE8D1F340A1A00CDBFBE /* Frameworks */ = {
			isa = PBXFrameworksBuildPhase;
			buildActionMask = 2147483647;
			files = (
			);
			runOnlyForDeploymentPostprocessing = 0;
		};
		E848EE981F340A1A00CDBFBE /* Frameworks */ = {
			isa = PBXFrameworksBuildPhase;
			buildActionMask = 2147483647;
			files = (
			);
			runOnlyForDeploymentPostprocessing = 0;
		};
/* End PBXFrameworksBuildPhase section */

/* Begin PBXGroup section */
		562D19B1930C6197A3002E91 /* Frameworks */ = {
			isa = PBXGroup;
			children = (
				30004586AC283E56BC8E3880 /* libPods-AutoCellHeight.a */,
			);
			name = Frameworks;
			sourceTree = "<group>";
		};
		BD770EFEEDF83ADC26447562 /* Pods */ = {
			isa = PBXGroup;
			children = (
				98F2A49E2E93C97048B69BBA /* Pods-AutoCellHeight.debug.xcconfig */,
				A73432EE9140D4F9FA5CC63A /* Pods-AutoCellHeight.release.xcconfig */,
			);
			name = Pods;
			sourceTree = "<group>";
		};
		E83F4F031F34797B003AB6FF /* Tools */ = {
			isa = PBXGroup;
			children = (
				E88829D71F3C46700007C1C4 /* Singleton.h */,
				E88829D11F3C44F80007C1C4 /* UIView+BlockGesture.h */,
				E88829D21F3C44F80007C1C4 /* UIView+BlockGesture.m */,
				E888296F1F3845D00007C1C4 /* Log */,
				E83F4EFD1F347910003AB6FF /* UITableView+GokoTemplateLayoutCell.h */,
				E83F4EFE1F347910003AB6FF /* UITableView+GokoTemplateLayoutCell.m */,
				E83F4F001F347974003AB6FF /* WJMethodSwizzling.h */,
				E83F4F011F347974003AB6FF /* WJMethodSwizzling.m */,
			);
			name = Tools;
			sourceTree = "<group>";
		};
		E848EE6E1F340A1900CDBFBE = {
			isa = PBXGroup;
			children = (
				E848EE791F340A1900CDBFBE /* AutoCellHeight */,
				E848EE931F340A1A00CDBFBE /* AutoCellHeightTests */,
				E848EE9E1F340A1A00CDBFBE /* AutoCellHeightUITests */,
				E848EE781F340A1900CDBFBE /* Products */,
				BD770EFEEDF83ADC26447562 /* Pods */,
				562D19B1930C6197A3002E91 /* Frameworks */,
			);
			sourceTree = "<group>";
		};
		E848EE781F340A1900CDBFBE /* Products */ = {
			isa = PBXGroup;
			children = (
				E848EE771F340A1900CDBFBE /* AutoCellHeight.app */,
				E848EE901F340A1A00CDBFBE /* AutoCellHeightTests.xctest */,
				E848EE9B1F340A1A00CDBFBE /* AutoCellHeightUITests.xctest */,
			);
			name = Products;
			sourceTree = "<group>";
		};
		E848EE791F340A1900CDBFBE /* AutoCellHeight */ = {
			isa = PBXGroup;
			children = (
				E88829CA1F3C2E470007C1C4 /* Base */,
				E88829BA1F3AF5DF0007C1C4 /* Autolayout */,
				E848EEB71F340FEA00CDBFBE /* CellModel */,
				E848EEAD1F340D7C00CDBFBE /* Cell */,
				E83F4F031F34797B003AB6FF /* Tools */,
				E848EE7D1F340A1A00CDBFBE /* AppDelegate.h */,
				E848EE7E1F340A1A00CDBFBE /* AppDelegate.m */,
				E848EE801F340A1A00CDBFBE /* ViewController.h */,
				E848EE811F340A1A00CDBFBE /* ViewController.m */,
				E848EE831F340A1A00CDBFBE /* Main.storyboard */,
				E848EE861F340A1A00CDBFBE /* Assets.xcassets */,
				E848EE881F340A1A00CDBFBE /* LaunchScreen.storyboard */,
				E848EE8B1F340A1A00CDBFBE /* Info.plist */,
				E848EE7A1F340A1900CDBFBE /* Supporting Files */,
			);
			path = AutoCellHeight;
			sourceTree = "<group>";
		};
		E848EE7A1F340A1900CDBFBE /* Supporting Files */ = {
			isa = PBXGroup;
			children = (
				E88829BE1F3AF9140007C1C4 /* autolayout.json */,
				E888292A1F3565570007C1C4 /* 111.jpg */,
				E848EEC41F34202400CDBFBE /* 大赛.png */,
				E848EE7B1F340A1900CDBFBE /* main.m */,
				E88829C81F3C03830007C1C4 /* PrefixHeader.pch */,
			);
			name = "Supporting Files";
			sourceTree = "<group>";
		};
		E848EE931F340A1A00CDBFBE /* AutoCellHeightTests */ = {
			isa = PBXGroup;
			children = (
				E848EE941F340A1A00CDBFBE /* AutoCellHeightTests.m */,
				E848EE961F340A1A00CDBFBE /* Info.plist */,
			);
			path = AutoCellHeightTests;
			sourceTree = "<group>";
		};
		E848EE9E1F340A1A00CDBFBE /* AutoCellHeightUITests */ = {
			isa = PBXGroup;
			children = (
				E848EE9F1F340A1A00CDBFBE /* AutoCellHeightUITests.m */,
				E848EEA11F340A1A00CDBFBE /* Info.plist */,
			);
			path = AutoCellHeightUITests;
			sourceTree = "<group>";
		};
		E848EEAD1F340D7C00CDBFBE /* Cell */ = {
			isa = PBXGroup;
			children = (
				E848EEB11F340DB200CDBFBE /* TextCell.h */,
				E848EEB21F340DB200CDBFBE /* TextCell.m */,
				E848EEB41F340DE800CDBFBE /* ImageCell.h */,
				E848EEB51F340DE800CDBFBE /* ImageCell.m */,
			);
			name = Cell;
			sourceTree = "<group>";
		};
		E848EEB71F340FEA00CDBFBE /* CellModel */ = {
			isa = PBXGroup;
			children = (
				E848EEBE1F3412ED00CDBFBE /* TextCellModel.h */,
				E848EEBF1F3412ED00CDBFBE /* TextCellModel.m */,
				E848EEC11F3412F700CDBFBE /* ImageCellModel.h */,
				E848EEC21F3412F700CDBFBE /* ImageCellModel.m */,
			);
			name = CellModel;
			sourceTree = "<group>";
		};
		E888296F1F3845D00007C1C4 /* Log */ = {
			isa = PBXGroup;
			children = (
				E88829731F38484A0007C1C4 /* DefineTools.h */,
				E88829741F385BB40007C1C4 /* NSString+Log.h */,
				E88829751F385BB40007C1C4 /* NSString+Log.m */,
			);
			name = Log;
			sourceTree = "<group>";
		};
		E88829BA1F3AF5DF0007C1C4 /* Autolayout */ = {
			isa = PBXGroup;
			children = (
				E88829C41F3AFBA40007C1C4 /* AutolayoutCell */,
				E88829C01F3AF9290007C1C4 /* AutolayoutModel */,
				E88829BB1F3AF6000007C1C4 /* AutoLayoutViewController.h */,
				E88829BC1F3AF6000007C1C4 /* AutoLayoutViewController.m */,
			);
			name = Autolayout;
			sourceTree = "<group>";
		};
		E88829C01F3AF9290007C1C4 /* AutolayoutModel */ = {
			isa = PBXGroup;
			children = (
				E88829C11F3AF9420007C1C4 /* AutolayoutModel.h */,
				E88829C21F3AF9420007C1C4 /* AutolayoutModel.m */,
			);
			name = AutolayoutModel;
			sourceTree = "<group>";
		};
		E88829C41F3AFBA40007C1C4 /* AutolayoutCell */ = {
			isa = PBXGroup;
			children = (
				E88829C51F3B006F0007C1C4 /* AutolayoutCell.h */,
				E88829C61F3B006F0007C1C4 /* AutolayoutCell.m */,
			);
			name = AutolayoutCell;
			sourceTree = "<group>";
		};
		E88829CA1F3C2E470007C1C4 /* Base */ = {
			isa = PBXGroup;
			children = (
				E88829CD1F3C2E750007C1C4 /* BaseModel */,
				E88829CC1F3C2E660007C1C4 /* BaseCell */,
				E88829CB1F3C2E5B0007C1C4 /* BaseController */,
			);
			name = Base;
			sourceTree = "<group>";
		};
		E88829CB1F3C2E5B0007C1C4 /* BaseController */ = {
			isa = PBXGroup;
			children = (
				E88829CE1F3C2EB00007C1C4 /* BaseViewController.h */,
				E88829CF1F3C2EB00007C1C4 /* BaseViewController.m */,
				E88829D41F3C46440007C1C4 /* RootNavigation.h */,
				E88829D51F3C46440007C1C4 /* RootNavigation.m */,
			);
			name = BaseController;
			sourceTree = "<group>";
		};
		E88829CC1F3C2E660007C1C4 /* BaseCell */ = {
			isa = PBXGroup;
			children = (
				E848EEAE1F340D9000CDBFBE /* BaseTableViewCell.h */,
				E848EEAF1F340D9000CDBFBE /* BaseTableViewCell.m */,
			);
			name = BaseCell;
			sourceTree = "<group>";
		};
		E88829CD1F3C2E750007C1C4 /* BaseModel */ = {
			isa = PBXGroup;
			children = (
				E848EEB81F340FFB00CDBFBE /* BaseCellModel.h */,
				E848EEB91F340FFB00CDBFBE /* BaseCellModel.m */,
			);
			name = BaseModel;
			sourceTree = "<group>";
		};
/* End PBXGroup section */

/* Begin PBXNativeTarget section */
		E848EE761F340A1900CDBFBE /* AutoCellHeight */ = {
			isa = PBXNativeTarget;
			buildConfigurationList = E848EEA41F340A1A00CDBFBE /* Build configuration list for PBXNativeTarget "AutoCellHeight" */;
			buildPhases = (
				4A6E8E52F792AB8D252AAC04 /* [CP] Check Pods Manifest.lock */,
				E848EE731F340A1900CDBFBE /* Sources */,
				E848EE741F340A1900CDBFBE /* Frameworks */,
				E848EE751F340A1900CDBFBE /* Resources */,
				95CB4269B55CFD583B5CDDB2 /* [CP] Embed Pods Frameworks */,
				749ABAC405142F0BE993F2D5 /* [CP] Copy Pods Resources */,
			);
			buildRules = (
			);
			dependencies = (
			);
			name = AutoCellHeight;
			productName = AutoCellHeight;
			productReference = E848EE771F340A1900CDBFBE /* AutoCellHeight.app */;
			productType = "com.apple.product-type.application";
		};
		E848EE8F1F340A1A00CDBFBE /* AutoCellHeightTests */ = {
			isa = PBXNativeTarget;
			buildConfigurationList = E848EEA71F340A1A00CDBFBE /* Build configuration list for PBXNativeTarget "AutoCellHeightTests" */;
			buildPhases = (
				E848EE8C1F340A1A00CDBFBE /* Sources */,
				E848EE8D1F340A1A00CDBFBE /* Frameworks */,
				E848EE8E1F340A1A00CDBFBE /* Resources */,
			);
			buildRules = (
			);
			dependencies = (
				E848EE921F340A1A00CDBFBE /* PBXTargetDependency */,
			);
			name = AutoCellHeightTests;
			productName = AutoCellHeightTests;
			productReference = E848EE901F340A1A00CDBFBE /* AutoCellHeightTests.xctest */;
			productType = "com.apple.product-type.bundle.unit-test";
		};
		E848EE9A1F340A1A00CDBFBE /* AutoCellHeightUITests */ = {
			isa = PBXNativeTarget;
			buildConfigurationList = E848EEAA1F340A1A00CDBFBE /* Build configuration list for PBXNativeTarget "AutoCellHeightUITests" */;
			buildPhases = (
				E848EE971F340A1A00CDBFBE /* Sources */,
				E848EE981F340A1A00CDBFBE /* Frameworks */,
				E848EE991F340A1A00CDBFBE /* Resources */,
			);
			buildRules = (
			);
			dependencies = (
				E848EE9D1F340A1A00CDBFBE /* PBXTargetDependency */,
			);
			name = AutoCellHeightUITests;
			productName = AutoCellHeightUITests;
			productReference = E848EE9B1F340A1A00CDBFBE /* AutoCellHeightUITests.xctest */;
			productType = "com.apple.product-type.bundle.ui-testing";
		};
/* End PBXNativeTarget section */

/* Begin PBXProject section */
		E848EE6F1F340A1900CDBFBE /* Project object */ = {
			isa = PBXProject;
			attributes = {
				LastUpgradeCheck = 0900;
				ORGANIZATIONNAME = Goko;
				TargetAttributes = {
					E848EE761F340A1900CDBFBE = {
						CreatedOnToolsVersion = 8.3.3;
						DevelopmentTeam = LJJD8856HP;
						ProvisioningStyle = Automatic;
					};
					E848EE8F1F340A1A00CDBFBE = {
						CreatedOnToolsVersion = 8.3.3;
						ProvisioningStyle = Automatic;
						TestTargetID = E848EE761F340A1900CDBFBE;
					};
					E848EE9A1F340A1A00CDBFBE = {
						CreatedOnToolsVersion = 8.3.3;
						ProvisioningStyle = Automatic;
						TestTargetID = E848EE761F340A1900CDBFBE;
					};
				};
			};
			buildConfigurationList = E848EE721F340A1900CDBFBE /* Build configuration list for PBXProject "AutoCellHeight" */;
			compatibilityVersion = "Xcode 3.2";
			developmentRegion = English;
			hasScannedForEncodings = 0;
			knownRegions = (
				en,
				Base,
			);
			mainGroup = E848EE6E1F340A1900CDBFBE;
			productRefGroup = E848EE781F340A1900CDBFBE /* Products */;
			projectDirPath = "";
			projectRoot = "";
			targets = (
				E848EE761F340A1900CDBFBE /* AutoCellHeight */,
				E848EE8F1F340A1A00CDBFBE /* AutoCellHeightTests */,
				E848EE9A1F340A1A00CDBFBE /* AutoCellHeightUITests */,
			);
		};
/* End PBXProject section */

/* Begin PBXResourcesBuildPhase section */
		E848EE751F340A1900CDBFBE /* Resources */ = {
			isa = PBXResourcesBuildPhase;
			buildActionMask = 2147483647;
			files = (
				E848EE8A1F340A1A00CDBFBE /* LaunchScreen.storyboard in Resources */,
				E848EE871F340A1A00CDBFBE /* Assets.xcassets in Resources */,
				E88829BF1F3AF9140007C1C4 /* autolayout.json in Resources */,
				E848EE851F340A1A00CDBFBE /* Main.storyboard in Resources */,
				E888292B1F3565570007C1C4 /* 111.jpg in Resources */,
				E848EEC51F34202400CDBFBE /* 大赛.png in Resources */,
			);
			runOnlyForDeploymentPostprocessing = 0;
		};
		E848EE8E1F340A1A00CDBFBE /* Resources */ = {
			isa = PBXResourcesBuildPhase;
			buildActionMask = 2147483647;
			files = (
			);
			runOnlyForDeploymentPostprocessing = 0;
		};
		E848EE991F340A1A00CDBFBE /* Resources */ = {
			isa = PBXResourcesBuildPhase;
			buildActionMask = 2147483647;
			files = (
			);
			runOnlyForDeploymentPostprocessing = 0;
		};
/* End PBXResourcesBuildPhase section */

/* Begin PBXShellScriptBuildPhase section */
		4A6E8E52F792AB8D252AAC04 /* [CP] Check Pods Manifest.lock */ = {
			isa = PBXShellScriptBuildPhase;
			buildActionMask = 2147483647;
			files = (
			);
			inputPaths = (
			);
			name = "[CP] Check Pods Manifest.lock";
			outputPaths = (
			);
			runOnlyForDeploymentPostprocessing = 0;
			shellPath = /bin/sh;
			shellScript = "diff \"${PODS_PODFILE_DIR_PATH}/Podfile.lock\" \"${PODS_ROOT}/Manifest.lock\" > /dev/null\nif [ $? != 0 ] ; then\n    # print error to STDERR\n    echo \"error: The sandbox is not in sync with the Podfile.lock. Run 'pod install' or update your CocoaPods installation.\" >&2\n    exit 1\nfi\n";
			showEnvVarsInLog = 0;
		};
		749ABAC405142F0BE993F2D5 /* [CP] Copy Pods Resources */ = {
			isa = PBXShellScriptBuildPhase;
			buildActionMask = 2147483647;
			files = (
			);
			inputPaths = (
			);
			name = "[CP] Copy Pods Resources";
			outputPaths = (
			);
			runOnlyForDeploymentPostprocessing = 0;
			shellPath = /bin/sh;
			shellScript = "\"${SRCROOT}/Pods/Target Support Files/Pods-AutoCellHeight/Pods-AutoCellHeight-resources.sh\"\n";
			showEnvVarsInLog = 0;
		};
		95CB4269B55CFD583B5CDDB2 /* [CP] Embed Pods Frameworks */ = {
			isa = PBXShellScriptBuildPhase;
			buildActionMask = 2147483647;
			files = (
			);
			inputPaths = (
			);
			name = "[CP] Embed Pods Frameworks";
			outputPaths = (
			);
			runOnlyForDeploymentPostprocessing = 0;
			shellPath = /bin/sh;
			shellScript = "\"${SRCROOT}/Pods/Target Support Files/Pods-AutoCellHeight/Pods-AutoCellHeight-frameworks.sh\"\n";
			showEnvVarsInLog = 0;
		};
/* End PBXShellScriptBuildPhase section */

/* Begin PBXSourcesBuildPhase section */
		E848EE731F340A1900CDBFBE /* Sources */ = {
			isa = PBXSourcesBuildPhase;
			buildActionMask = 2147483647;
			files = (
				E848EEC01F3412ED00CDBFBE /* TextCellModel.m in Sources */,
				E83F4EFF1F347910003AB6FF /* UITableView+GokoTemplateLayoutCell.m in Sources */,
				E848EEC31F3412F700CDBFBE /* ImageCellModel.m in Sources */,
				E88829D31F3C44F80007C1C4 /* UIView+BlockGesture.m in Sources */,
				E88829BD1F3AF6000007C1C4 /* AutoLayoutViewController.m in Sources */,
				E848EEB01F340D9000CDBFBE /* BaseTableViewCell.m in Sources */,
				E83F4F021F347974003AB6FF /* WJMethodSwizzling.m in Sources */,
				E88829C31F3AF9420007C1C4 /* AutolayoutModel.m in Sources */,
				E848EEBA1F340FFB00CDBFBE /* BaseCellModel.m in Sources */,
				E848EEB61F340DE800CDBFBE /* ImageCell.m in Sources */,
				E88829D01F3C2EB00007C1C4 /* BaseViewController.m in Sources */,
				E848EEB31F340DB200CDBFBE /* TextCell.m in Sources */,
				E848EE821F340A1A00CDBFBE /* ViewController.m in Sources */,
				E88829C71F3B006F0007C1C4 /* AutolayoutCell.m in Sources */,
				E848EE7F1F340A1A00CDBFBE /* AppDelegate.m in Sources */,
				E88829D61F3C46440007C1C4 /* RootNavigation.m in Sources */,
				E848EE7C1F340A1900CDBFBE /* main.m in Sources */,
				E88829761F385BB40007C1C4 /* NSString+Log.m in Sources */,
			);
			runOnlyForDeploymentPostprocessing = 0;
		};
		E848EE8C1F340A1A00CDBFBE /* Sources */ = {
			isa = PBXSourcesBuildPhase;
			buildActionMask = 2147483647;
			files = (
				E848EE951F340A1A00CDBFBE /* AutoCellHeightTests.m in Sources */,
			);
			runOnlyForDeploymentPostprocessing = 0;
		};
		E848EE971F340A1A00CDBFBE /* Sources */ = {
			isa = PBXSourcesBuildPhase;
			buildActionMask = 2147483647;
			files = (
				E848EEA01F340A1A00CDBFBE /* AutoCellHeightUITests.m in Sources */,
			);
			runOnlyForDeploymentPostprocessing = 0;
		};
/* End PBXSourcesBuildPhase section */

/* Begin PBXTargetDependency section */
		E848EE921F340A1A00CDBFBE /* PBXTargetDependency */ = {
			isa = PBXTargetDependency;
			target = E848EE761F340A1900CDBFBE /* AutoCellHeight */;
			targetProxy = E848EE911F340A1A00CDBFBE /* PBXContainerItemProxy */;
		};
		E848EE9D1F340A1A00CDBFBE /* PBXTargetDependency */ = {
			isa = PBXTargetDependency;
			target = E848EE761F340A1900CDBFBE /* AutoCellHeight */;
			targetProxy = E848EE9C1F340A1A00CDBFBE /* PBXContainerItemProxy */;
		};
/* End PBXTargetDependency section */

/* Begin PBXVariantGroup section */
		E848EE831F340A1A00CDBFBE /* Main.storyboard */ = {
			isa = PBXVariantGroup;
			children = (
				E848EE841F340A1A00CDBFBE /* Base */,
			);
			name = Main.storyboard;
			sourceTree = "<group>";
		};
		E848EE881F340A1A00CDBFBE /* LaunchScreen.storyboard */ = {
			isa = PBXVariantGroup;
			children = (
				E848EE891F340A1A00CDBFBE /* Base */,
			);
			name = LaunchScreen.storyboard;
			sourceTree = "<group>";
		};
/* End PBXVariantGroup section */

/* Begin XCBuildConfiguration section */
		E848EEA21F340A1A00CDBFBE /* Debug */ = {
			isa = XCBuildConfiguration;
			buildSettings = {
				ALWAYS_SEARCH_USER_PATHS = NO;
				CLANG_ANALYZER_NONNULL = YES;
				CLANG_ANALYZER_NUMBER_OBJECT_CONVERSION = YES_AGGRESSIVE;
				CLANG_CXX_LANGUAGE_STANDARD = "gnu++0x";
				CLANG_CXX_LIBRARY = "libc++";
				CLANG_ENABLE_MODULES = YES;
				CLANG_ENABLE_OBJC_ARC = YES;
				CLANG_WARN_BLOCK_CAPTURE_AUTORELEASING = YES;
				CLANG_WARN_BOOL_CONVERSION = YES;
				CLANG_WARN_COMMA = YES;
				CLANG_WARN_CONSTANT_CONVERSION = YES;
				CLANG_WARN_DIRECT_OBJC_ISA_USAGE = YES_ERROR;
				CLANG_WARN_DOCUMENTATION_COMMENTS = YES;
				CLANG_WARN_EMPTY_BODY = YES;
				CLANG_WARN_ENUM_CONVERSION = YES;
				CLANG_WARN_INFINITE_RECURSION = YES;
				CLANG_WARN_INT_CONVERSION = YES;
				CLANG_WARN_NON_LITERAL_NULL_CONVERSION = YES;
				CLANG_WARN_OBJC_LITERAL_CONVERSION = YES;
				CLANG_WARN_OBJC_ROOT_CLASS = YES_ERROR;
				CLANG_WARN_RANGE_LOOP_ANALYSIS = YES;
				CLANG_WARN_STRICT_PROTOTYPES = YES;
				CLANG_WARN_SUSPICIOUS_MOVE = YES;
				CLANG_WARN_UNREACHABLE_CODE = YES;
				CLANG_WARN__DUPLICATE_METHOD_MATCH = YES;
				"CODE_SIGN_IDENTITY[sdk=iphoneos*]" = "iPhone Developer";
				COPY_PHASE_STRIP = NO;
				DEBUG_INFORMATION_FORMAT = dwarf;
				ENABLE_STRICT_OBJC_MSGSEND = YES;
				ENABLE_TESTABILITY = YES;
				GCC_C_LANGUAGE_STANDARD = gnu99;
				GCC_DYNAMIC_NO_PIC = NO;
				GCC_NO_COMMON_BLOCKS = YES;
				GCC_OPTIMIZATION_LEVEL = 0;
				GCC_PREPROCESSOR_DEFINITIONS = (
					"DEBUG=1",
					"$(inherited)",
				);
				GCC_WARN_64_TO_32_BIT_CONVERSION = YES;
				GCC_WARN_ABOUT_RETURN_TYPE = YES_ERROR;
				GCC_WARN_UNDECLARED_SELECTOR = YES;
				GCC_WARN_UNINITIALIZED_AUTOS = YES_AGGRESSIVE;
				GCC_WARN_UNUSED_FUNCTION = YES;
				GCC_WARN_UNUSED_VARIABLE = YES;
				IPHONEOS_DEPLOYMENT_TARGET = 10.3;
				MTL_ENABLE_DEBUG_INFO = YES;
				ONLY_ACTIVE_ARCH = YES;
				SDKROOT = iphoneos;
				TARGETED_DEVICE_FAMILY = "1,2";
			};
			name = Debug;
		};
		E848EEA31F340A1A00CDBFBE /* Release */ = {
			isa = XCBuildConfiguration;
			buildSettings = {
				ALWAYS_SEARCH_USER_PATHS = NO;
				CLANG_ANALYZER_NONNULL = YES;
				CLANG_ANALYZER_NUMBER_OBJECT_CONVERSION = YES_AGGRESSIVE;
				CLANG_CXX_LANGUAGE_STANDARD = "gnu++0x";
				CLANG_CXX_LIBRARY = "libc++";
				CLANG_ENABLE_MODULES = YES;
				CLANG_ENABLE_OBJC_ARC = YES;
				CLANG_WARN_BLOCK_CAPTURE_AUTORELEASING = YES;
				CLANG_WARN_BOOL_CONVERSION = YES;
				CLANG_WARN_COMMA = YES;
				CLANG_WARN_CONSTANT_CONVERSION = YES;
				CLANG_WARN_DIRECT_OBJC_ISA_USAGE = YES_ERROR;
				CLANG_WARN_DOCUMENTATION_COMMENTS = YES;
				CLANG_WARN_EMPTY_BODY = YES;
				CLANG_WARN_ENUM_CONVERSION = YES;
				CLANG_WARN_INFINITE_RECURSION = YES;
				CLANG_WARN_INT_CONVERSION = YES;
				CLANG_WARN_NON_LITERAL_NULL_CONVERSION = YES;
				CLANG_WARN_OBJC_LITERAL_CONVERSION = YES;
				CLANG_WARN_OBJC_ROOT_CLASS = YES_ERROR;
				CLANG_WARN_RANGE_LOOP_ANALYSIS = YES;
				CLANG_WARN_STRICT_PROTOTYPES = YES;
				CLANG_WARN_SUSPICIOUS_MOVE = YES;
				CLANG_WARN_UNREACHABLE_CODE = YES;
				CLANG_WARN__DUPLICATE_METHOD_MATCH = YES;
				"CODE_SIGN_IDENTITY[sdk=iphoneos*]" = "iPhone Developer";
				COPY_PHASE_STRIP = NO;
				DEBUG_INFORMATION_FORMAT = "dwarf-with-dsym";
				ENABLE_NS_ASSERTIONS = NO;
				ENABLE_STRICT_OBJC_MSGSEND = YES;
				GCC_C_LANGUAGE_STANDARD = gnu99;
				GCC_NO_COMMON_BLOCKS = YES;
				GCC_WARN_64_TO_32_BIT_CONVERSION = YES;
				GCC_WARN_ABOUT_RETURN_TYPE = YES_ERROR;
				GCC_WARN_UNDECLARED_SELECTOR = YES;
				GCC_WARN_UNINITIALIZED_AUTOS = YES_AGGRESSIVE;
				GCC_WARN_UNUSED_FUNCTION = YES;
				GCC_WARN_UNUSED_VARIABLE = YES;
				IPHONEOS_DEPLOYMENT_TARGET = 10.3;
				MTL_ENABLE_DEBUG_INFO = NO;
				SDKROOT = iphoneos;
				TARGETED_DEVICE_FAMILY = "1,2";
				VALIDATE_PRODUCT = YES;
			};
			name = Release;
		};
		E848EEA51F340A1A00CDBFBE /* Debug */ = {
			isa = XCBuildConfiguration;
			baseConfigurationReference = 98F2A49E2E93C97048B69BBA /* Pods-AutoCellHeight.debug.xcconfig */;
			buildSettings = {
				ASSETCATALOG_COMPILER_APPICON_NAME = AppIcon;
				DEVELOPMENT_TEAM = LJJD8856HP;
				GCC_PREFIX_HEADER = "$(SRCROOT)/AutoCellHeight/PrefixHeader.pch";
				INFOPLIST_FILE = AutoCellHeight/Info.plist;
				LD_RUNPATH_SEARCH_PATHS = "$(inherited) @executable_path/Frameworks";
				PRODUCT_BUNDLE_IDENTIFIER = com.goko.AutoCellHeight;
				PRODUCT_NAME = "$(TARGET_NAME)";
			};
			name = Debug;
		};
		E848EEA61F340A1A00CDBFBE /* Release */ = {
			isa = XCBuildConfiguration;
			baseConfigurationReference = A73432EE9140D4F9FA5CC63A /* Pods-AutoCellHeight.release.xcconfig */;
			buildSettings = {
				ASSETCATALOG_COMPILER_APPICON_NAME = AppIcon;
				DEVELOPMENT_TEAM = LJJD8856HP;
				GCC_PREFIX_HEADER = "$(SRCROOT)/AutoCellHeight/PrefixHeader.pch";
				INFOPLIST_FILE = AutoCellHeight/Info.plist;
				LD_RUNPATH_SEARCH_PATHS = "$(inherited) @executable_path/Frameworks";
				PRODUCT_BUNDLE_IDENTIFIER = com.goko.AutoCellHeight;
				PRODUCT_NAME = "$(TARGET_NAME)";
			};
			name = Release;
		};
		E848EEA81F340A1A00CDBFBE /* Debug */ = {
			isa = XCBuildConfiguration;
			buildSettings = {
				BUNDLE_LOADER = "$(TEST_HOST)";
				INFOPLIST_FILE = AutoCellHeightTests/Info.plist;
				LD_RUNPATH_SEARCH_PATHS = "$(inherited) @executable_path/Frameworks @loader_path/Frameworks";
				PRODUCT_BUNDLE_IDENTIFIER = com.goko.AutoCellHeightTests;
				PRODUCT_NAME = "$(TARGET_NAME)";
				TEST_HOST = "$(BUILT_PRODUCTS_DIR)/AutoCellHeight.app/AutoCellHeight";
			};
			name = Debug;
		};
		E848EEA91F340A1A00CDBFBE /* Release */ = {
			isa = XCBuildConfiguration;
			buildSettings = {
				BUNDLE_LOADER = "$(TEST_HOST)";
				INFOPLIST_FILE = AutoCellHeightTests/Info.plist;
				LD_RUNPATH_SEARCH_PATHS = "$(inherited) @executable_path/Frameworks @loader_path/Frameworks";
				PRODUCT_BUNDLE_IDENTIFIER = com.goko.AutoCellHeightTests;
				PRODUCT_NAME = "$(TARGET_NAME)";
				TEST_HOST = "$(BUILT_PRODUCTS_DIR)/AutoCellHeight.app/AutoCellHeight";
			};
			name = Release;
		};
		E848EEAB1F340A1A00CDBFBE /* Debug */ = {
			isa = XCBuildConfiguration;
			buildSettings = {
				INFOPLIST_FILE = AutoCellHeightUITests/Info.plist;
				LD_RUNPATH_SEARCH_PATHS = "$(inherited) @executable_path/Frameworks @loader_path/Frameworks";
				PRODUCT_BUNDLE_IDENTIFIER = com.goko.AutoCellHeightUITests;
				PRODUCT_NAME = "$(TARGET_NAME)";
				TEST_TARGET_NAME = AutoCellHeight;
			};
			name = Debug;
		};
		E848EEAC1F340A1A00CDBFBE /* Release */ = {
			isa = XCBuildConfiguration;
			buildSettings = {
				INFOPLIST_FILE = AutoCellHeightUITests/Info.plist;
				LD_RUNPATH_SEARCH_PATHS = "$(inherited) @executable_path/Frameworks @loader_path/Frameworks";
				PRODUCT_BUNDLE_IDENTIFIER = com.goko.AutoCellHeightUITests;
				PRODUCT_NAME = "$(TARGET_NAME)";
				TEST_TARGET_NAME = AutoCellHeight;
			};
			name = Release;
		};
/* End XCBuildConfiguration section */

/* Begin XCConfigurationList section */
		E848EE721F340A1900CDBFBE /* Build configuration list for PBXProject "AutoCellHeight" */ = {
			isa = XCConfigurationList;
			buildConfigurations = (
				E848EEA21F340A1A00CDBFBE /* Debug */,
				E848EEA31F340A1A00CDBFBE /* Release */,
			);
			defaultConfigurationIsVisible = 0;
			defaultConfigurationName = Release;
		};
		E848EEA41F340A1A00CDBFBE /* Build configuration list for PBXNativeTarget "AutoCellHeight" */ = {
			isa = XCConfigurationList;
			buildConfigurations = (
				E848EEA51F340A1A00CDBFBE /* Debug */,
				E848EEA61F340A1A00CDBFBE /* Release */,
			);
			defaultConfigurationIsVisible = 0;
			defaultConfigurationName = Release;
		};
		E848EEA71F340A1A00CDBFBE /* Build configuration list for PBXNativeTarget "AutoCellHeightTests" */ = {
			isa = XCConfigurationList;
			buildConfigurations = (
				E848EEA81F340A1A00CDBFBE /* Debug */,
				E848EEA91F340A1A00CDBFBE /* Release */,
			);
			defaultConfigurationIsVisible = 0;
			defaultConfigurationName = Release;
		};
		E848EEAA1F340A1A00CDBFBE /* Build configuration list for PBXNativeTarget "AutoCellHeightUITests" */ = {
			isa = XCConfigurationList;
			buildConfigurations = (
				E848EEAB1F340A1A00CDBFBE /* Debug */,
				E848EEAC1F340A1A00CDBFBE /* Release */,
			);
			defaultConfigurationIsVisible = 0;
			defaultConfigurationName = Release;
		};
/* End XCConfigurationList section */
	};
	rootObject = E848EE6F1F340A1900CDBFBE /* Project object */;
}
